// !$*UTF8*$!
{
	archiveVersion = 1;
	classes = {
	};
	objectVersion = 46;
	objects = {

/* Begin PBXBuildFile section */
		D432788D193D5D5A000CEB74 /* AppDelegate.swift in Sources */ = {isa = PBXBuildFile; fileRef = D432788C193D5D5A000CEB74 /* AppDelegate.swift */; };
		D432788F193D5D5A000CEB74 /* ViewController.swift in Sources */ = {isa = PBXBuildFile; fileRef = D432788E193D5D5A000CEB74 /* ViewController.swift */; };
		D4327892193D5D5A000CEB74 /* Main.storyboard in Resources */ = {isa = PBXBuildFile; fileRef = D4327890193D5D5A000CEB74 /* Main.storyboard */; };
		D4327894193D5D5A000CEB74 /* Images.xcassets in Resources */ = {isa = PBXBuildFile; fileRef = D4327893193D5D5A000CEB74 /* Images.xcassets */; };
		D43278A0193D5D5A000CEB74 /* TouchIDTests.swift in Sources */ = {isa = PBXBuildFile; fileRef = D432789F193D5D5A000CEB74 /* TouchIDTests.swift */; };
/* End PBXBuildFile section */

/* Begin PBXContainerItemProxy section */
		D432789A193D5D5A000CEB74 /* PBXContainerItemProxy */ = {
			isa = PBXContainerItemProxy;
			containerPortal = D432787F193D5D5A000CEB74 /* Project object */;
			proxyType = 1;
			remoteGlobalIDString = D4327886193D5D5A000CEB74;
			remoteInfo = TouchID;
		};
/* End PBXContainerItemProxy section */

/* Begin PBXFileReference section */
		D4327887193D5D5A000CEB74 /* TouchID.app */ = {isa = PBXFileReference; explicitFileType = wrapper.application; includeInIndex = 0; path = TouchID.app; sourceTree = BUILT_PRODUCTS_DIR; };
		D432788B193D5D5A000CEB74 /* Info.plist */ = {isa = PBXFileReference; lastKnownFileType = text.plist.xml; path = Info.plist; sourceTree = "<group>"; };
		D432788C193D5D5A000CEB74 /* AppDelegate.swift */ = {isa = PBXFileReference; lastKnownFileType = sourcecode.swift; path = AppDelegate.swift; sourceTree = "<group>"; };
		D432788E193D5D5A000CEB74 /* ViewController.swift */ = {isa = PBXFileReference; lastKnownFileType = sourcecode.swift; path = ViewController.swift; sourceTree = "<group>"; };
		D4327891193D5D5A000CEB74 /* Base */ = {isa = PBXFileReference; lastKnownFileType = file.storyboard; name = Base; path = Base.lproj/Main.storyboard; sourceTree = "<group>"; };
		D4327893193D5D5A000CEB74 /* Images.xcassets */ = {isa = PBXFileReference; lastKnownFileType = folder.assetcatalog; path = Images.xcassets; sourceTree = "<group>"; };
		D4327899193D5D5A000CEB74 /* TouchIDTests.xctest */ = {isa = PBXFileReference; explicitFileType = wrapper.cfbundle; includeInIndex = 0; path = TouchIDTests.xctest; sourceTree = BUILT_PRODUCTS_DIR; };
		D432789E193D5D5A000CEB74 /* Info.plist */ = {isa = PBXFileReference; lastKnownFileType = text.plist.xml; path = Info.plist; sourceTree = "<group>"; };
		D432789F193D5D5A000CEB74 /* TouchIDTests.swift */ = {isa = PBXFileReference; lastKnownFileType = sourcecode.swift; path = TouchIDTests.swift; sourceTree = "<group>"; };
/* End PBXFileReference section */

/* Begin PBXFrameworksBuildPhase section */
		D4327884193D5D5A000CEB74 /* Frameworks */ = {
			isa = PBXFrameworksBuildPhase;
			buildActionMask = 2147483647;
			files = (
			);
			runOnlyForDeploymentPostprocessing = 0;
		};
		D4327896193D5D5A000CEB74 /* Frameworks */ = {
			isa = PBXFrameworksBuildPhase;
			buildActionMask = 2147483647;
			files = (
			);
			runOnlyForDeploymentPostprocessing = 0;
		};
/* End PBXFrameworksBuildPhase section */

/* Begin PBXGroup section */
		D432787E193D5D5A000CEB74 = {
			isa = PBXGroup;
			children = (
				D4327889193D5D5A000CEB74 /* TouchID */,
				D432789C193D5D5A000CEB74 /* TouchIDTests */,
				D4327888193D5D5A000CEB74 /* Products */,
			);
			sourceTree = "<group>";
		};
		D4327888193D5D5A000CEB74 /* Products */ = {
			isa = PBXGroup;
			children = (
				D4327887193D5D5A000CEB74 /* TouchID.app */,
				D4327899193D5D5A000CEB74 /* TouchIDTests.xctest */,
			);
			name = Products;
			sourceTree = "<group>";
		};
		D4327889193D5D5A000CEB74 /* TouchID */ = {
			isa = PBXGroup;
			children = (
				D432788C193D5D5A000CEB74 /* AppDelegate.swift */,
				D432788E193D5D5A000CEB74 /* ViewController.swift */,
				D4327890193D5D5A000CEB74 /* Main.storyboard */,
				D4327893193D5D5A000CEB74 /* Images.xcassets */,
				D432788A193D5D5A000CEB74 /* Supporting Files */,
			);
			path = TouchID;
			sourceTree = "<group>";
		};
		D432788A193D5D5A000CEB74 /* Supporting Files */ = {
			isa = PBXGroup;
			children = (
				D432788B193D5D5A000CEB74 /* Info.plist */,
			);
			name = "Supporting Files";
			sourceTree = "<group>";
		};
		D432789C193D5D5A000CEB74 /* TouchIDTests */ = {
			isa = PBXGroup;
			children = (
				D432789F193D5D5A000CEB74 /* TouchIDTests.swift */,
				D432789D193D5D5A000CEB74 /* Supporting Files */,
			);
			path = TouchIDTests;
			sourceTree = "<group>";
		};
		D432789D193D5D5A000CEB74 /* Supporting Files */ = {
			isa = PBXGroup;
			children = (
				D432789E193D5D5A000CEB74 /* Info.plist */,
			);
			name = "Supporting Files";
			sourceTree = "<group>";
		};
/* End PBXGroup section */

/* Begin PBXNativeTarget section */
		D4327886193D5D5A000CEB74 /* TouchID */ = {
			isa = PBXNativeTarget;
			buildConfigurationList = D43278A3193D5D5A000CEB74 /* Build configuration list for PBXNativeTarget "TouchID" */;
			buildPhases = (
				D4327883193D5D5A000CEB74 /* Sources */,
				D4327884193D5D5A000CEB74 /* Frameworks */,
				D4327885193D5D5A000CEB74 /* Resources */,
			);
			buildRules = (
			);
			dependencies = (
			);
			name = TouchID;
			productName = TouchID;
			productReference = D4327887193D5D5A000CEB74 /* TouchID.app */;
			productType = "com.apple.product-type.application";
		};
		D4327898193D5D5A000CEB74 /* TouchIDTests */ = {
			isa = PBXNativeTarget;
			buildConfigurationList = D43278A6193D5D5A000CEB74 /* Build configuration list for PBXNativeTarget "TouchIDTests" */;
			buildPhases = (
				D4327895193D5D5A000CEB74 /* Sources */,
				D4327896193D5D5A000CEB74 /* Frameworks */,
				D4327897193D5D5A000CEB74 /* Resources */,
			);
			buildRules = (
			);
			dependencies = (
				D432789B193D5D5A000CEB74 /* PBXTargetDependency */,
			);
			name = TouchIDTests;
			productName = TouchIDTests;
			productReference = D4327899193D5D5A000CEB74 /* TouchIDTests.xctest */;
			productType = "com.apple.product-type.bundle.unit-test";
		};
/* End PBXNativeTarget section */

/* Begin PBXProject section */
		D432787F193D5D5A000CEB74 /* Project object */ = {
			isa = PBXProject;
			attributes = {
				LastUpgradeCheck = 0600;
				ORGANIZATIONNAME = "James Harnett";
				TargetAttributes = {
					D4327886193D5D5A000CEB74 = {
						CreatedOnToolsVersion = 6.0;
					};
					D4327898193D5D5A000CEB74 = {
						CreatedOnToolsVersion = 6.0;
						TestTargetID = D4327886193D5D5A000CEB74;
					};
				};
			};
			buildConfigurationList = D4327882193D5D5A000CEB74 /* Build configuration list for PBXProject "TouchID" */;
			compatibilityVersion = "Xcode 3.2";
			developmentRegion = English;
			hasScannedForEncodings = 0;
			knownRegions = (
				en,
				Base,
			);
			mainGroup = D432787E193D5D5A000CEB74;
			productRefGroup = D4327888193D5D5A000CEB74 /* Products */;
			projectDirPath = "";
			projectRoot = "";
			targets = (
				D4327886193D5D5A000CEB74 /* TouchID */,
				D4327898193D5D5A000CEB74 /* TouchIDTests */,
			);
		};
/* End PBXProject section */

/* Begin PBXResourcesBuildPhase section */
		D4327885193D5D5A000CEB74 /* Resources */ = {
			isa = PBXResourcesBuildPhase;
			buildActionMask = 2147483647;
			files = (
				D4327892193D5D5A000CEB74 /* Main.storyboard in Resources */,
				D4327894193D5D5A000CEB74 /* Images.xcassets in Resources */,
			);
			runOnlyForDeploymentPostprocessing = 0;
		};
		D4327897193D5D5A000CEB74 /* Resources */ = {
			isa = PBXResourcesBuildPhase;
			buildActionMask = 2147483647;
			files = (
			);
			runOnlyForDeploymentPostprocessing = 0;
		};
/* End PBXResourcesBuildPhase section */

/* Begin PBXSourcesBuildPhase section */
		D4327883193D5D5A000CEB74 /* Sources */ = {
			isa = PBXSourcesBuildPhase;
			buildActionMask = 2147483647;
			files = (
				D432788F193D5D5A000CEB74 /* ViewController.swift in Sources */,
				D432788D193D5D5A000CEB74 /* AppDelegate.swift in Sources */,
			);
			runOnlyForDeploymentPostprocessing = 0;
		};
		D4327895193D5D5A000CEB74 /* Sources */ = {
			isa = PBXSourcesBuildPhase;
			buildActionMask = 2147483647;
			files = (
				D43278A0193D5D5A000CEB74 /* TouchIDTests.swift in Sources */,
			);
			runOnlyForDeploymentPostprocessing = 0;
		};
/* End PBXSourcesBuildPhase section */

/* Begin PBXTargetDependency section */
		D432789B193D5D5A000CEB74 /* PBXTargetDependency */ = {
			isa = PBXTargetDependency;
			target = D4327886193D5D5A000CEB74 /* TouchID */;
			targetProxy = D432789A193D5D5A000CEB74 /* PBXContainerItemProxy */;
		};
/* End PBXTargetDependency section */

/* Begin PBXVariantGroup section */
		D4327890193D5D5A000CEB74 /* Main.storyboard */ = {
			isa = PBXVariantGroup;
			children = (
				D4327891193D5D5A000CEB74 /* Base */,
			);
			name = Main.storyboard;
			sourceTree = "<group>";
		};
/* End PBXVariantGroup section */

/* Begin XCBuildConfiguration section */
		D43278A1193D5D5A000CEB74 /* Debug */ = {
			isa = XCBuildConfiguration;
			buildSettings = {
				ALWAYS_SEARCH_USER_PATHS = NO;
				CLANG_CXX_LANGUAGE_STANDARD = "gnu++0x";
				CLANG_CXX_LIBRARY = "libc++";
				CLANG_ENABLE_MODULES = YES;
				CLANG_ENABLE_OBJC_ARC = YES;
				CLANG_WARN_BOOL_CONVERSION = YES;
				CLANG_WARN_CONSTANT_CONVERSION = YES;
				CLANG_WARN_DIRECT_OBJC_ISA_USAGE = YES_ERROR;
				CLANG_WARN_EMPTY_BODY = YES;
				CLANG_WARN_ENUM_CONVERSION = YES;
				CLANG_WARN_INT_CONVERSION = YES;
				CLANG_WARN_OBJC_ROOT_CLASS = YES_ERROR;
				CLANG_WARN_UNREACHABLE_CODE = YES;
				CLANG_WARN__DUPLICATE_METHOD_MATCH = YES;
				"CODE_SIGN_IDENTITY[sdk=iphoneos*]" = "iPhone Developer";
				COPY_PHASE_STRIP = NO;
				ENABLE_STRICT_OBJC_MSGSEND = YES;
				GCC_C_LANGUAGE_STANDARD = gnu99;
				GCC_DYNAMIC_NO_PIC = NO;
				GCC_OPTIMIZATION_LEVEL = 0;
				GCC_PREPROCESSOR_DEFINITIONS = (
					"DEBUG=1",
					"$(inherited)",
				);
				GCC_SYMBOLS_PRIVATE_EXTERN = NO;
				GCC_WARN_64_TO_32_BIT_CONVERSION = YES;
				GCC_WARN_ABOUT_RETURN_TYPE = YES_ERROR;
				GCC_WARN_UNDECLARED_SELECTOR = YES;
				GCC_WARN_UNINITIALIZED_AUTOS = YES_AGGRESSIVE;
				GCC_WARN_UNUSED_FUNCTION = YES;
				GCC_WARN_UNUSED_VARIABLE = YES;
				IPHONEOS_DEPLOYMENT_TARGET = 8.0;
				METAL_ENABLE_DEBUG_INFO = YES;
				ONLY_ACTIVE_ARCH = YES;
				SDKROOT = iphoneos;
				SWIFT_OPTIMIZATION_LEVEL = "-Onone";
			};
			name = Debug;
		};
		D43278A2193D5D5A000CEB74 /* Release */ = {
			isa = XCBuildConfiguration;
			buildSettings = {
				ALWAYS_SEARCH_USER_PATHS = NO;
				CLANG_CXX_LANGUAGE_STANDARD = "gnu++0x";
				CLANG_CXX_LIBRARY = "libc++";
				CLANG_ENABLE_MODULES = YES;
				CLANG_ENABLE_OBJC_ARC = YES;
				CLANG_WARN_BOOL_CONVERSION = YES;
				CLANG_WARN_CONSTANT_CONVERSION = YES;
				CLANG_WARN_DIRECT_OBJC_ISA_USAGE = YES_ERROR;
				CLANG_WARN_EMPTY_BODY = YES;
				CLANG_WARN_ENUM_CONVERSION = YES;
				CLANG_WARN_INT_CONVERSION = YES;
				CLANG_WARN_OBJC_ROOT_CLASS = YES_ERROR;
				CLANG_WARN_UNREACHABLE_CODE = YES;
				CLANG_WARN__DUPLICATE_METHOD_MATCH = YES;
				"CODE_SIGN_IDENTITY[sdk=iphoneos*]" = "iPhone Developer";
				COPY_PHASE_STRIP = YES;
				ENABLE_NS_ASSERTIONS = NO;
				ENABLE_STRICT_OBJC_MSGSEND = YES;
				GCC_C_LANGUAGE_STANDARD = gnu99;
				GCC_WARN_64_TO_32_BIT_CONVERSION = YES;
				GCC_WARN_ABOUT_RETURN_TYPE = YES_ERROR;
				GCC_WARN_UNDECLARED_SELECTOR = YES;
				GCC_WARN_UNINITIALIZED_AUTOS = YES_AGGRESSIVE;
				GCC_WARN_UNUSED_FUNCTION = YES;
				GCC_WARN_UNUSED_VARIABLE = YES;
				IPHONEOS_DEPLOYMENT_TARGET = 8.0;
				METAL_ENABLE_DEBUG_INFO = NO;
				SDKROOT = iphoneos;
				VALIDATE_PRODUCT = YES;
			};
			name = Release;
		};
		D43278A4193D5D5A000CEB74 /* Debug */ = {
			isa = XCBuildConfiguration;
			buildSettings = {
				ASSETCATALOG_COMPILER_APPICON_NAME = AppIcon;
				ASSETCATALOG_COMPILER_LAUNCHIMAGE_NAME = LaunchImage;
				INFOPLIST_FILE = TouchID/Info.plist;
				LD_RUNPATH_SEARCH_PATHS = "$(inherited) @executable_path/Frameworks";
				PRODUCT_NAME = "$(TARGET_NAME)";
			};
			name = Debug;
		};
		D43278A5193D5D5A000CEB74 /* Release */ = {
			isa = XCBuildConfiguration;
			buildSettings = {
				ASSETCATALOG_COMPILER_APPICON_NAME = AppIcon;
				ASSETCATALOG_COMPILER_LAUNCHIMAGE_NAME = LaunchImage;
				INFOPLIST_FILE = TouchID/Info.plist;
				LD_RUNPATH_SEARCH_PATHS = "$(inherited) @executable_path/Frameworks";
				PRODUCT_NAME = "$(TARGET_NAME)";
			};
			name = Release;
		};
		D43278A7193D5D5A000CEB74 /* Debug */ = {
			isa = XCBuildConfiguration;
			buildSettings = {
				BUNDLE_LOADER = "$(BUILT_PRODUCTS_DIR)/TouchID.app/TouchID";
				FRAMEWORK_SEARCH_PATHS = (
					"$(SDKROOT)/Developer/Library/Frameworks",
					"$(inherited)",
				);
				GCC_PREPROCESSOR_DEFINITIONS = (
					"DEBUG=1",
					"$(inherited)",
				);
				INFOPLIST_FILE = TouchIDTests/Info.plist;
				LD_RUNPATH_SEARCH_PATHS = "$(inherited) @executable_path/Frameworks @loader_path/Frameworks";
				METAL_ENABLE_DEBUG_INFO = YES;
				PRODUCT_NAME = "$(TARGET_NAME)";
				TEST_HOST = "$(BUNDLE_LOADER)";
			};
			name = Debug;
		};
		D43278A8193D5D5A000CEB74 /* Release */ = {
			isa = XCBuildConfiguration;
			buildSettings = {
				BUNDLE_LOADER = "$(BUILT_PRODUCTS_DIR)/TouchID.app/TouchID";
				FRAMEWORK_SEARCH_PATHS = (
					"$(SDKROOT)/Developer/Library/Frameworks",
					"$(inherited)",
				);
				INFOPLIST_FILE = TouchIDTests/Info.plist;
				LD_RUNPATH_SEARCH_PATHS = "$(inherited) @executable_path/Frameworks @loader_path/Frameworks";
				METAL_ENABLE_DEBUG_INFO = NO;
				PRODUCT_NAME = "$(TARGET_NAME)";
				TEST_HOST = "$(BUNDLE_LOADER)";
			};
			name = Release;
		};
/* End XCBuildConfiguration section */

/* Begin XCConfigurationList section */
		D4327882193D5D5A000CEB74 /* Build configuration list for PBXProject "TouchID" */ = {
			isa = XCConfigurationList;
			buildConfigurations = (
				D43278A1193D5D5A000CEB74 /* Debug */,
				D43278A2193D5D5A000CEB74 /* Release */,
			);
			defaultConfigurationIsVisible = 0;
			defaultConfigurationName = Release;
		};
		D43278A3193D5D5A000CEB74 /* Build configuration list for PBXNativeTarget "TouchID" */ = {
			isa = XCConfigurationList;
			buildConfigurations = (
				D43278A4193D5D5A000CEB74 /* Debug */,
				D43278A5193D5D5A000CEB74 /* Release */,
			);
			defaultConfigurationIsVisible = 0;
		};
		D43278A6193D5D5A000CEB74 /* Build configuration list for PBXNativeTarget "TouchIDTests" */ = {
			isa = XCConfigurationList;
			buildConfigurations = (
				D43278A7193D5D5A000CEB74 /* Debug */,
				D43278A8193D5D5A000CEB74 /* Release */,
			);
			defaultConfigurationIsVisible = 0;
		};
/* End XCConfigurationList section */
	};
	rootObject = D432787F193D5D5A000CEB74 /* Project object */;
}
